Microsoft Visual Studio Solution File, Format Version 12.00
# Visual Studio Version 17
VisualStudioVersion = 17.0.31903.59
MinimumVisualStudioVersion = 10.0.40219.1
Project("{FAE04EC0-301F-11D3-BF4B-00C04F79EFBC}") = "NikkiDesktop.Core", "src\NikkiDesktop.Core\NikkiDesktop.Core.csproj", "{271313A9-7413-4F54-8277-C7B8B7D854A7}"
EndProject
Project("{FAE04EC0-301F-11D3-BF4B-00C04F79EFBC}") = "NikkiDesktop.App", "src\NikkiDesktop.App\NikkiDesktop.App.csproj", "{807475C1-E11A-44D2-BE23-39C19DE8D8F6}"
EndProject
Project("{FAE04EC0-301F-11D3-BF4B-00C04F79EFBC}") = "NikkiDesktop.Core.Tests", "tests\NikkiDesktop.Core.Tests\NikkiDesktop.Core.Tests.csproj", "{6EC75CC9-133D-407F-98A1-25DC7A9D5508}"
EndProject
Global
	GlobalSection(SolutionConfigurationPlatforms) = preSolution
		Debug|Any CPU = Debug|Any CPU
		Release|Any CPU = Release|Any CPU
	EndGlobalSection
	GlobalSection(ProjectConfigurationPlatforms) = postSolution
		{271313A9-7413-4F54-8277-C7B8B7D854A7}.Debug|Any CPU.ActiveCfg = Debug|Any CPU
		{271313A9-7413-4F54-8277-C7B8B7D854A7}.Debug|Any CPU.Build.0 = Debug|Any CPU
		{271313A9-7413-4F54-8277-C7B8B7D854A7}.Release|Any CPU.ActiveCfg = Release|Any CPU
		{271313A9-7413-4F54-8277-C7B8B7D854A7}.Release|Any CPU.Build.0 = Release|Any CPU
		{807475C1-E11A-44D2-BE23-39C19DE8D8F6}.Debug|Any CPU.ActiveCfg = Debug|Any CPU
		{807475C1-E11A-44D2-BE23-39C19DE8D8F6}.Debug|Any CPU.Build.0 = Debug|Any CPU
		{807475C1-E11A-44D2-BE23-39C19DE8D8F6}.Release|Any CPU.ActiveCfg = Release|Any CPU
		{807475C1-E11A-44D2-BE23-39C19DE8D8F6}.Release|Any CPU.Build.0 = Release|Any CPU
		{6EC75CC9-133D-407F-98A1-25DC7A9D5508}.Debug|Any CPU.ActiveCfg = Debug|Any CPU
		{6EC75CC9-133D-407F-98A1-25DC7A9D5508}.Debug|Any CPU.Build.0 = Debug|Any CPU
		{6EC75CC9-133D-407F-98A1-25DC7A9D5508}.Release|Any CPU.ActiveCfg = Release|Any CPU
		{6EC75CC9-133D-407F-98A1-25DC7A9D5508}.Release|Any CPU.Build.0 = Release|Any CPU
	EndGlobalSection
EndGlobal

